# This file is autogenerated, do not edit; changes may be undone by the next 'dep ensure'.


[[projects]]
  name = "github.com/buaazp/fasthttprouter"
  packages = ["."]
  revision = "ade4e2031af3aed7fffd241084aad80a58faf421"
  version = "v0.1.1"

[[projects]]
  name = "github.com/klauspost/compress"
  packages = [
    "flate",
    "gzip",
    "zlib"
  ]
  revision = "6c8db69c4b49dd4df1fff66996cf556176d0b9bf"
  version = "v1.2.1"

[[projects]]
  name = "github.com/klauspost/cpuid"
  packages = ["."]
  revision = "ae7887de9fa5d2db4eaa8174a7eff2c1ac00f2da"
  version = "v1.1"

[[projects]]
  name = "github.com/klauspost/crc32"
  packages = ["."]
  revision = "cb6bfca970f6908083f26f39a79009d608efd5cd"
  version = "v1.1"

[[projects]]
  name = "github.com/valyala/fasthttp"
  packages = [
    ".",
    "fasthttputil"
  ]
  revision = "d42167fd04f636e20b005e9934159e95454233c7"
  version = "v20160617"

[solve-meta]
  analyzer-name = "dep"
  analyzer-version = 1
  inputs-digest = "9faa949f534a8cc0e4570ba1ad7523511001c9cc0a982bec1327b11598c71b71"
  solver-name = "gps-cdcl"
  solver-version = 1
